
Microsoft Visual Studio Solution File, Format Version 12.00
# Visual Studio 15
VisualStudioVersion = 15.0.28307.136
MinimumVisualStudioVersion = 10.0.40219.1
Project("{FAE04EC0-301F-11D3-BF4B-00C04F79EFBC}") = "MojaApka", "MojaApka\MojaApka.csproj", "{4451690C-881F-4B28-8D4C-38A55D5FE953}"
EndProject
Global
	GlobalSection(SolutionConfigurationPlatforms) = preSolution
		Debug|Any CPU = Debug|Any CPU
		Release|Any CPU = Release|Any CPU
	EndGlobalSection
	GlobalSection(ProjectConfigurationPlatforms) = postSolution
		{4451690C-881F-4B28-8D4C-38A55D5FE953}.Debug|Any CPU.ActiveCfg = Debug|Any CPU
		{4451690C-881F-4B28-8D4C-38A55D5FE953}.Debug|Any CPU.Build.0 = Debug|Any CPU
		{4451690C-881F-4B28-8D4C-38A55D5FE953}.Release|Any CPU.ActiveCfg = Release|Any CPU
		{4451690C-881F-4B28-8D4C-38A55D5FE953}.Release|Any CPU.Build.0 = Release|Any CPU
	EndGlobalSection
	GlobalSection(SolutionProperties) = preSolution
		HideSolutionNode = FALSE
	EndGlobalSection
	GlobalSection(ExtensibilityGlobals) = postSolution
		SolutionGuid = {800A1A82-E605-46DA-A239-FA19F12CEFD4}
	EndGlobalSection
EndGlobal
